
Microsoft Visual Studio Solution File, Format Version 12.00
# Visual Studio Version 16
VisualStudioVersion = 16.0.809.7
MinimumVisualStudioVersion = 10.0.40219.1
Project("{FAE04EC0-301F-11D3-BF4B-00C04F79EFBC}") = "gittest", "gittest\gittest.csproj", "{DF2BB862-B6D7-4A5C-93B6-8AF71D4B494E}"
EndProject
Global
	GlobalSection(SolutionConfigurationPlatforms) = preSolution
		Debug|Any CPU = Debug|Any CPU
		Release|Any CPU = Release|Any CPU
	EndGlobalSection
	GlobalSection(ProjectConfigurationPlatforms) = postSolution
		{DF2BB862-B6D7-4A5C-93B6-8AF71D4B494E}.Debug|Any CPU.ActiveCfg = Debug|Any CPU
		{DF2BB862-B6D7-4A5C-93B6-8AF71D4B494E}.Debug|Any CPU.Build.0 = Debug|Any CPU
		{DF2BB862-B6D7-4A5C-93B6-8AF71D4B494E}.Release|Any CPU.ActiveCfg = Release|Any CPU
		{DF2BB862-B6D7-4A5C-93B6-8AF71D4B494E}.Release|Any CPU.Build.0 = Release|Any CPU
	EndGlobalSection
	GlobalSection(SolutionProperties) = preSolution
		HideSolutionNode = FALSE
	EndGlobalSection
	GlobalSection(ExtensibilityGlobals) = postSolution
		SolutionGuid = {DD6EED1A-7C18-46BA-B14F-AE208E543F91}
	EndGlobalSection
EndGlobal
